
Microsoft Visual Studio Solution File, Format Version 12.00
Project("{FAE04EC0-301F-11D3-BF4B-00C04F79EFBC}") = "SmirK_Student", "SmirK_Student\SmirK_Student.csproj", "{1589E737-CEAC-4302-8E87-1D95E12F51FF}"
EndProject
Global
	GlobalSection(SolutionConfigurationPlatforms) = preSolution
		Debug|Any CPU = Debug|Any CPU
		Release|Any CPU = Release|Any CPU
	EndGlobalSection
	GlobalSection(ProjectConfigurationPlatforms) = postSolution
		{1589E737-CEAC-4302-8E87-1D95E12F51FF}.Debug|Any CPU.ActiveCfg = Debug|Any CPU
		{1589E737-CEAC-4302-8E87-1D95E12F51FF}.Debug|Any CPU.Build.0 = Debug|Any CPU
		{1589E737-CEAC-4302-8E87-1D95E12F51FF}.Release|Any CPU.ActiveCfg = Release|Any CPU
		{1589E737-CEAC-4302-8E87-1D95E12F51FF}.Release|Any CPU.Build.0 = Release|Any CPU
	EndGlobalSection
EndGlobal
